
Microsoft Visual Studio Solution File, Format Version 12.00
# Visual Studio 15
VisualStudioVersion = 15.0.27703.2000
MinimumVisualStudioVersion = 10.0.40219.1
Project("{FAE04EC0-301F-11D3-BF4B-00C04F79EFBC}") = "IooinQuartz.Main", "IooinQuartz.Main\IooinQuartz.Main.csproj", "{F9A6559C-CAD9-4DC1-A1CD-6E178998A9A7}"
EndProject
Project("{FAE04EC0-301F-11D3-BF4B-00C04F79EFBC}") = "IooinQuartz.Demo", "IooinQuartz.Demo\IooinQuartz.Demo.csproj", "{7031CD14-D300-4487-B696-0AD421713038}"
EndProject
Project("{FAE04EC0-301F-11D3-BF4B-00C04F79EFBC}") = "IooinQuartz.Calc", "IooinQuartz.Calc\IooinQuartz.Calc.csproj", "{7C63A7D4-0805-4EE0-82B1-9EE05F9522AD}"
EndProject
Global
	GlobalSection(SolutionConfigurationPlatforms) = preSolution
		Debug|Any CPU = Debug|Any CPU
		Release|Any CPU = Release|Any CPU
	EndGlobalSection
	GlobalSection(ProjectConfigurationPlatforms) = postSolution
		{F9A6559C-CAD9-4DC1-A1CD-6E178998A9A7}.Debug|Any CPU.ActiveCfg = Debug|Any CPU
		{F9A6559C-CAD9-4DC1-A1CD-6E178998A9A7}.Debug|Any CPU.Build.0 = Debug|Any CPU
		{F9A6559C-CAD9-4DC1-A1CD-6E178998A9A7}.Release|Any CPU.ActiveCfg = Release|Any CPU
		{F9A6559C-CAD9-4DC1-A1CD-6E178998A9A7}.Release|Any CPU.Build.0 = Release|Any CPU
		{7031CD14-D300-4487-B696-0AD421713038}.Debug|Any CPU.ActiveCfg = Debug|Any CPU
		{7031CD14-D300-4487-B696-0AD421713038}.Debug|Any CPU.Build.0 = Debug|Any CPU
		{7031CD14-D300-4487-B696-0AD421713038}.Release|Any CPU.ActiveCfg = Release|Any CPU
		{7031CD14-D300-4487-B696-0AD421713038}.Release|Any CPU.Build.0 = Release|Any CPU
		{7C63A7D4-0805-4EE0-82B1-9EE05F9522AD}.Debug|Any CPU.ActiveCfg = Debug|Any CPU
		{7C63A7D4-0805-4EE0-82B1-9EE05F9522AD}.Debug|Any CPU.Build.0 = Debug|Any CPU
		{7C63A7D4-0805-4EE0-82B1-9EE05F9522AD}.Release|Any CPU.ActiveCfg = Release|Any CPU
		{7C63A7D4-0805-4EE0-82B1-9EE05F9522AD}.Release|Any CPU.Build.0 = Release|Any CPU
	EndGlobalSection
	GlobalSection(SolutionProperties) = preSolution
		HideSolutionNode = FALSE
	EndGlobalSection
	GlobalSection(ExtensibilityGlobals) = postSolution
		SolutionGuid = {29790CF3-CED8-493D-872D-1545A0800482}
	EndGlobalSection
EndGlobal
